
Microsoft Visual Studio Solution File, Format Version 12.00
# Visual Studio Version 17
VisualStudioVersion = 17.14.36518.9 d17.14
MinimumVisualStudioVersion = 10.0.40219.1
Project("{FAE04EC0-301F-11D3-BF4B-00C04F79EFBC}") = "CalculadoraPRO", "CalculadoraPRO\CalculadoraPRO.csproj", "{362A31B9-F493-46F9-95D4-FA1A904EA058}"
EndProject
Global
	GlobalSection(SolutionConfigurationPlatforms) = preSolution
		Debug|Any CPU = Debug|Any CPU
		Release|Any CPU = Release|Any CPU
	EndGlobalSection
	GlobalSection(ProjectConfigurationPlatforms) = postSolution
		{362A31B9-F493-46F9-95D4-FA1A904EA058}.Debug|Any CPU.ActiveCfg = Debug|Any CPU
		{362A31B9-F493-46F9-95D4-FA1A904EA058}.Debug|Any CPU.Build.0 = Debug|Any CPU
		{362A31B9-F493-46F9-95D4-FA1A904EA058}.Release|Any CPU.ActiveCfg = Release|Any CPU
		{362A31B9-F493-46F9-95D4-FA1A904EA058}.Release|Any CPU.Build.0 = Release|Any CPU
	EndGlobalSection
	GlobalSection(SolutionProperties) = preSolution
		HideSolutionNode = FALSE
	EndGlobalSection
	GlobalSection(ExtensibilityGlobals) = postSolution
		SolutionGuid = {AC5BBB8E-8963-46F4-814A-62E98F4F0E80}
	EndGlobalSection
EndGlobal
