
Microsoft Visual Studio Solution File, Format Version 12.00
# Visual Studio Version 17
VisualStudioVersion = 17.14.36623.8 d17.14
MinimumVisualStudioVersion = 10.0.40219.1
Project("{FAE04EC0-301F-11D3-BF4B-00C04F79EFBC}") = "Proyecto2", "Proyecto2\Proyecto2.csproj", "{A7E9DF80-89C5-4FF2-A04A-D9A86018C782}"
EndProject
Global
	GlobalSection(SolutionConfigurationPlatforms) = preSolution
		Debug|Any CPU = Debug|Any CPU
		Release|Any CPU = Release|Any CPU
	EndGlobalSection
	GlobalSection(ProjectConfigurationPlatforms) = postSolution
		{A7E9DF80-89C5-4FF2-A04A-D9A86018C782}.Debug|Any CPU.ActiveCfg = Debug|Any CPU
		{A7E9DF80-89C5-4FF2-A04A-D9A86018C782}.Debug|Any CPU.Build.0 = Debug|Any CPU
		{A7E9DF80-89C5-4FF2-A04A-D9A86018C782}.Release|Any CPU.ActiveCfg = Release|Any CPU
		{A7E9DF80-89C5-4FF2-A04A-D9A86018C782}.Release|Any CPU.Build.0 = Release|Any CPU
	EndGlobalSection
	GlobalSection(SolutionProperties) = preSolution
		HideSolutionNode = FALSE
	EndGlobalSection
	GlobalSection(ExtensibilityGlobals) = postSolution
		SolutionGuid = {F23FAF24-8587-466F-9154-8079720A9FA1}
	EndGlobalSection
EndGlobal
